{
    "_meta": {
        "hash": {
            "sha256": "d5c85b0c2ebec451e6bbab757b489a9cb55f8a3f8cd43bef4c2d3a495b0f8484"
        },
        "pipfile-spec": 6,
        "requires": {
            "python_version": "3.10"
        },
        "sources": [
            {
                "name": "pypi",
                "url": "https://pypi.org/simple",
                "verify_ssl": true
            }
        ]
    },
    "default": {
        "async-timeout": {
            "hashes": [
                "sha256:4640d96be84d82d02ed59ea2b7105a0f7b33abe8703703cd0ab0bf87c427522f",
                "sha256:7405140ff1230c310e51dc27b3145b9092d659ce68ff733fb0cefe3ee42be028"
            ],
            "markers": "python_version < '3.11'",
            "version": "==4.0.3"
        },
        "bleak": {
            "hashes": [
                "sha256:ccec260a0f5ec02dd133d68b0351c0151b2ecf3ddd0bcabc4c04a1cdd7f33256",
                "sha256:ec4a1a2772fb315b992cbaa1153070c7e26968a52b0e2727035f443a1af5c18f"
            ],
            "index": "pypi",
            "markers": "python_version < '3.13' and python_version >= '3.8'",
            "version": "==0.21.1"
        },
        "bleak-winrt": {
            "hashes": [
                "sha256:0577d070251b9354fc6c45ffac57e39341ebb08ead014b1bdbd43e211d2ce1d6",
                "sha256:13ab06dec55469cf51a2c187be7b630a7a2922e1ea9ac1998135974a7239b1e3",
                "sha256:5a36ff8cd53068c01a795a75d2c13054ddc5f99ce6de62c1a97cd343fc4d0727",
                "sha256:623ac511696e1f58d83cb9c431e32f613395f2199b3db7f125a3d872cab968a4",
                "sha256:63130c11acfe75c504a79c01f9919e87f009f5e742bfc7b7a5c2a9c72bf591a7",
                "sha256:677df51dc825c6657b3ae94f00bd09b8ab88422b40d6a7bdbf7972a63bc44e9a",
                "sha256:810c00726653a962256b7acd8edf81ab9e4a3c66e936a342ce4aec7dbd3a7263",
                "sha256:9449cdb942f22c9892bc1ada99e2ccce9bea8a8af1493e81fefb6de2cb3a7b80",
                "sha256:98c1b5a6a6c431ac7f76aa4285b752fe14a1c626bd8a1dfa56f66173ff120bee",
                "sha256:a2ae3054d6843ae0cfd3b94c83293a1dfd5804393977dd69bde91cb5099fc47c",
                "sha256:dd740047a08925bde54bec357391fcee595d7b8ca0c74c87170a5cbc3f97aa0a"
            ],
            "markers": "python_version < '3.12' and platform_system == 'Windows'",
            "version": "==1.2.0"
        },
        "cobs": {
            "hashes": [
                "sha256:046933f36200f4163abd938adcb1500c1a7a394955ce20c9e3ebb79e78eabfdf",
                "sha256:141107fb3b764772f6db6a52af8158457e00e499f75e3794cb67ea11444839c5",
                "sha256:2af7f8791cde1ae7c6b936f5d0c35fe29feb10de25f79c15b0af0d6729783cc0",
                "sha256:54f8ea75af41ef17a6aa74089f15060c3413409322fbdd1263e028a91a87bdf0",
                "sha256:cb02967314f0db41bf04bc475e4963c079912884586003c8290d82cd0f07d621",
                "sha256:e4107c15eefa5f3ce15e5fa3f7fd6d3aa81be839140f35943fb42b8d86e5125e",
                "sha256:f6ab84b1c975e144a83e11c454066e282374e776a1a79eedd06d0151297ae2f3"
            ],
            "index": "pypi",
            "markers": "python_version >= '3.6'",
            "version": "==1.2.1"
        },
        "crc": {
            "hashes": [
                "sha256:86816efc09361a6dd3f178984e25e06af8c97f044a6b8ff12ce4ab2ea8f395b9",
                "sha256:97f827cecdf2d494d85d1bbeeb2ae118d21c05e02fb82906557f4ae20cb8be06"
            ],
            "index": "pypi",
            "markers": "python_version >= '3.8' and python_version < '4.0'",
            "version": "==6.0.0"
        },
        "typing-extensions": {
            "hashes": [
                "sha256:8f92fc8806f9a6b641eaa5318da32b44d401efaac0f6678c9bc448ba3605faa0",
                "sha256:df8e4339e9cb77357558cbdbceca33c303714cf861d1eef15e1070055ae8b7ef"
            ],
            "markers": "python_version < '3.12'",
            "version": "==4.8.0"
        }
    },
    "develop": {}
}
